
Microsoft Visual Studio Solution File, Format Version 12.00
# Visual Studio Version 17
VisualStudioVersion = 17.6.33712.159
MinimumVisualStudioVersion = 10.0.40219.1
Project("{FAE04EC0-301F-11D3-BF4B-00C04F79EFBC}") = "RockPaperScissors", "RockPaperScissors\RockPaperScissors.csproj", "{EB337B0E-A75E-4833-BDF3-FE6AE9DE1DB4}"
EndProject
Global
	GlobalSection(SolutionConfigurationPlatforms) = preSolution
		Debug|Any CPU = Debug|Any CPU
		Release|Any CPU = Release|Any CPU
	EndGlobalSection
	GlobalSection(ProjectConfigurationPlatforms) = postSolution
		{EB337B0E-A75E-4833-BDF3-FE6AE9DE1DB4}.Debug|Any CPU.ActiveCfg = Debug|Any CPU
		{EB337B0E-A75E-4833-BDF3-FE6AE9DE1DB4}.Debug|Any CPU.Build.0 = Debug|Any CPU
		{EB337B0E-A75E-4833-BDF3-FE6AE9DE1DB4}.Release|Any CPU.ActiveCfg = Release|Any CPU
		{EB337B0E-A75E-4833-BDF3-FE6AE9DE1DB4}.Release|Any CPU.Build.0 = Release|Any CPU
	EndGlobalSection
	GlobalSection(SolutionProperties) = preSolution
		HideSolutionNode = FALSE
	EndGlobalSection
	GlobalSection(ExtensibilityGlobals) = postSolution
		SolutionGuid = {B5EBA107-CC09-4FDB-A9C4-2EADD7E9CB61}
	EndGlobalSection
EndGlobal
